hash: a1e9b03b5720f4521f9ba4897f74af2216da9e5367732f732c153914e588ceb2
updated: 2016-10-24T11:18:56.764227787+09:00
imports:
- name: cloud.google.com/go
  version: e46f105e04cc9e1b4075aa9836989710e2153c48
  subpackages:
  - compute/metadata
  - internal
  - internal/optional
  - storage
- name: github.com/cenkalti/backoff
  version: 32cd0c5b3aef12c76ed64aaf678f6c79736be7dc
- name: github.com/davecgh/go-spew
  version: 6d212800a42e8ab5c146b8ace3490ee17e5225f9
  subpackages:
  - spew
- name: github.com/dghubble/go-twitter
  version: 12e5387804e84bf20dc60ba964f59437553e16a6
  subpackages:
  - twitter
- name: github.com/dghubble/oauth1
  version: 70562a5920ad9b6ff03ef697c0f90ae569abbd2b
- name: github.com/dghubble/sling
  version: c961a4334054e64299d16f8a31bd686ee2565ae4
- name: github.com/go-sql-driver/mysql
  version: dbc3fe23a4aced10a53834106e288b155d17e2ee
- name: github.com/golang/protobuf
  version: 98fa357170587e470c5f27d3c3ea0947b71eb455
  subpackages:
  - proto
- name: github.com/google/go-querystring
  version: 9235644dd9e52eeae6fa48efd539fdc351a0af53
  subpackages:
  - query
- name: github.com/googleapis/gax-go
  version: 4f7da601ca02aa546c5ef911a0b6595fdadf4e18
- name: github.com/gorilla/context
  version: 08b5f424b9271eedf6f9f0ce86cb9396ed337a42
- name: github.com/gorilla/mux
  version: 757bef944d0f21880861c2dd9c871ca543023cba
- name: github.com/jessevdk/go-flags
  version: 4cc2832a6e6d1d3b815e2b9d544b2a4dfb3ce8fa
- name: github.com/lestrrat/go-apache-logformat
  version: 0f5817c5c9e626d408c4d68e3d90fd7697e97d5f
- name: github.com/lestrrat/go-bindata
  version: b9f2acfb40bc204a6e6c1a94547e128554650f95
- name: github.com/lestrrat/go-bufferpool
  version: a1a4a9cf09b4f3e6d263ba25cf09de3276e1d589
- name: github.com/lestrrat/go-ical
  version: c9c6940ead617187c16b345246c43f490541664b
- name: github.com/lestrrat/go-jshschema
  version: 4514acd168a63041862eb3d223a09a789cae6b3b
- name: github.com/lestrrat/go-jspointer
  version: f4881e611bdbe9fb413a7780721ef8400a1f2341
- name: github.com/lestrrat/go-jsref
  version: e452c7b5801d1c6494c9e7e0cbc7498c0f88dfd1
  subpackages:
  - provider
- name: github.com/lestrrat/go-jsschema
  version: a6a42341b50d8d7e2a733db922eefaa756321021
- name: github.com/lestrrat/go-jsval
  version: cf70aae60f5b41a32922066c41287b0168e55904
- name: github.com/lestrrat/go-pdebug
  version: 2e6eaaa5717f81bda41d27070d3c966f40a1e75f
- name: github.com/lestrrat/go-simple-guard
  version: 8c74d84425fd27440cbc31bd91cf518cfb3cd4d3
- name: github.com/lestrrat/go-sqllib
  version: fdcdef92120d53b8f79aa2ec59d0b247f0c0660d
- name: github.com/lestrrat/go-structinfo
  version: f74c056fe41f860aa6264478c664a6fff8a64298
- name: github.com/lestrrat/go-tx-guard
  version: f922362dce0d717f2035e3c446974d6aa64f466b
- name: github.com/lestrrat/go-urlenc
  version: c952b9a8b42e2b36637e0c5acee8a0f0898b8d80
- name: github.com/mattn/anko
  version: a8c68fa2983e7dd5d3472992b1fbe2f7c44261f0
  subpackages:
  - ast
  - parser
  - vm
- name: github.com/pkg/errors
  version: 839d9e913e063e28dfd0e6c7b7512793e0a48be9
- name: github.com/shogo82148/go-sql-proxy
  version: 0ff9659b5642274097d62b43b2d754b001ed4f4d
- name: github.com/stretchr/testify
  version: 976c720a22c8eb4eb6a0b4348ad85ad12491a506
  subpackages:
  - assert
- name: golang.org/x/net
  version: c33d37840d93fc75251f49ab83c5fc8b2faea5e8
  subpackages:
  - context
  - context/ctxhttp
  - http2
  - http2/hpack
  - idna
  - internal/timeseries
  - lex/httplex
  - trace
- name: golang.org/x/oauth2
  version: 1e695b1c8febf17aad3bfa7bf0a819ef94b98ad5
  subpackages:
  - google
  - internal
  - jws
  - jwt
- name: golang.org/x/sync
  version: 1ae7c7b29e06598039be46c5083819ba6fd7a97e
  subpackages:
  - errgroup
- name: golang.org/x/text
  version: 5a42fa2464759cbb7ee0af9de00b54d69f09a29c
  subpackages:
  - internal/tag
  - language
- name: google.golang.org/api
  version: 3ef9447cad8d725923ca024dab57786299cf745a
  subpackages:
  - gensupport
  - googleapi
  - googleapi/internal/uritemplates
  - internal
  - iterator
  - option
  - storage/v1
  - transport
  - urlshortener/v1
- name: google.golang.org/appengine
  version: 5b8c3b819891014a2d12354528f7d046dd53c89e
  subpackages:
  - internal
  - internal/app_identity
  - internal/base
  - internal/datastore
  - internal/log
  - internal/modules
  - internal/remote_api
  - internal/socket
  - internal/urlfetch
  - socket
  - urlfetch
- name: google.golang.org/grpc
  version: 2b7e876a2eb64e93cb8140f497d3ea9d8882279c
  subpackages:
  - codes
  - credentials
  - credentials/oauth
  - grpclog
  - internal
  - metadata
  - naming
  - peer
  - transport
- name: gopkg.in/leonelquinteros/gotext.v1
  version: a735812a72672008b3902f8b2bc1302166a9a8ea
- name: gopkg.in/mailgun/mailgun-go.v1
  version: 369a1fa57ce6fb314e627087b9fff0db5c266c0f
testImports:
- name: github.com/pmezard/go-difflib
  version: 792786c7400a136282c1664665ae0a8db921c6c2
  subpackages:
  - difflib
