hash: 230cc7f12b441d0dd085edcfbf4f25ef78b130a4e3787808b84ceff11e2cb84f
updated: 2016-08-23T11:03:48.096119566+09:00
imports:
- name: cloud.google.com/go
  version: 242ed68074e53cbb6f78a90c28d9a48bfa2d1093
  subpackages:
  - storage
  - compute/metadata
  - internal
- name: github.com/davecgh/go-spew
  version: 6cf5744a041a0022271cefed95ba843f6d87fd51
  subpackages:
  - spew
- name: github.com/go-sql-driver/mysql
  version: 0b58b37b664c21f3010e836f1b931e1d0b0b0685
- name: github.com/golang/protobuf
  version: f592bd283e9ef86337a432eb50e592278c3d534d
  subpackages:
  - proto
- name: github.com/gorilla/context
  version: 08b5f424b9271eedf6f9f0ce86cb9396ed337a42
- name: github.com/gorilla/mux
  version: cf79e51a62d8219d52060dfc1b4e810414ba2d15
- name: github.com/jessevdk/go-flags
  version: f2785f5820ec967043de79c8be97edfc464ca745
- name: github.com/lestrrat/go-apache-logformat
  version: e774e429884c94b2cda0d499397d36d306ba0dee
- name: github.com/lestrrat/go-jshschema
  version: 4514acd168a63041862eb3d223a09a789cae6b3b
- name: github.com/lestrrat/go-jspointer
  version: f4881e611bdbe9fb413a7780721ef8400a1f2341
- name: github.com/lestrrat/go-jsref
  version: e452c7b5801d1c6494c9e7e0cbc7498c0f88dfd1
  subpackages:
  - provider
- name: github.com/lestrrat/go-jsschema
  version: 134ddb70a4100eb4bf3c673cc42e8435d23302c3
- name: github.com/lestrrat/go-jsval
  version: 6b944328e3c8c504f412cdc6a8d4f28da31cc129
- name: github.com/lestrrat/go-pdebug
  version: 2e6eaaa5717f81bda41d27070d3c966f40a1e75f
- name: github.com/lestrrat/go-simple-guard
  version: 9558d700d27518c2737bad3d5f6c1c5e481e1a29
- name: github.com/lestrrat/go-structinfo
  version: f74c056fe41f860aa6264478c664a6fff8a64298
- name: github.com/lestrrat/go-tx-guard
  version: 40dc337a64f229bb420dc224b6f2981115d686fa
- name: github.com/lestrrat/go-urlenc
  version: c952b9a8b42e2b36637e0c5acee8a0f0898b8d80
- name: github.com/pkg/errors
  version: 17b591df37844cde689f4d5813e5cea0927d8dd2
- name: github.com/shogo82148/go-sql-proxy
  version: 0ff9659b5642274097d62b43b2d754b001ed4f4d
- name: github.com/stretchr/testify
  version: d77da356e56a7428ad25149ca77381849a6a5232
  subpackages:
  - assert
- name: golang.org/x/net
  version: 7394c112eae4dba7e96bfcfe738e6373d61772b4
  subpackages:
  - context
  - context/ctxhttp
  - http2
  - trace
  - http2/hpack
  - lex/httplex
  - internal/timeseries
- name: golang.org/x/oauth2
  version: 3b966c7f301c0c71c53d94dc632a62df0a682cd7
  subpackages:
  - google
  - internal
  - jws
  - jwt
- name: golang.org/x/sync
  version: 316e794f7b5e3df4e95175a45a5fb8b12f85cb4f
  subpackages:
  - errgroup
- name: golang.org/x/text
  version: d69c40b4be55797923cec7457fac7a244d91a9b6
  subpackages:
  - language
  - internal/tag
- name: google.golang.org/api
  version: 71d10c782fc13eb9f2e2c9af553da218c941851f
  subpackages:
  - option
  - googleapi
  - storage/v1
  - transport
  - internal
  - googleapi/internal/uritemplates
  - gensupport
- name: google.golang.org/appengine
  version: 4f7eeb5305a4ba1966344836ba4af9996b7b4e05
  subpackages:
  - socket
  - urlfetch
  - internal
  - internal/app_identity
  - internal/modules
  - internal/socket
  - internal/urlfetch
  - internal/base
  - internal/datastore
  - internal/log
  - internal/remote_api
- name: google.golang.org/grpc
  version: 0032a855ba5c8a3c8e0d71c2deef354b70af1584
  subpackages:
  - credentials
  - credentials/oauth
  - naming
  - codes
  - grpclog
  - internal
  - metadata
  - transport
  - peer
devImports: []
