hash: 6fa4e29d004249a822c4162e188dd486a897c7e6b27c20b2cf4f1dd0604d3df5
updated: 2016-10-31T12:43:57.338571299+09:00
imports:
- name: cloud.google.com/go
  version: 7ee19e74f7fd11897ae3b7c4782d8205e810faa7
  subpackages:
  - compute/metadata
  - internal
  - internal/optional
  - logging
  - logging/apiv2
  - logging/internal
  - storage
- name: github.com/cenkalti/backoff
  version: 32cd0c5b3aef12c76ed64aaf678f6c79736be7dc
- name: github.com/davecgh/go-spew
  version: 6d212800a42e8ab5c146b8ace3490ee17e5225f9
  subpackages:
  - spew
- name: github.com/dghubble/go-twitter
  version: fab2c1610270521a409d76c4a1f04c85eaa8702f
  subpackages:
  - twitter
- name: github.com/dghubble/oauth1
  version: 70562a5920ad9b6ff03ef697c0f90ae569abbd2b
- name: github.com/dghubble/sling
  version: c961a4334054e64299d16f8a31bd686ee2565ae4
- name: github.com/go-sql-driver/mysql
  version: 2a6c6079c7eff49a7e9d641e109d922f124a3e4c
- name: github.com/golang/protobuf
  version: 98fa357170587e470c5f27d3c3ea0947b71eb455
  subpackages:
  - proto
  - ptypes
  - ptypes/any
  - ptypes/duration
  - ptypes/empty
  - ptypes/struct
  - ptypes/timestamp
  - ptypes/wrappers
- name: github.com/google/go-querystring
  version: 9235644dd9e52eeae6fa48efd539fdc351a0af53
  subpackages:
  - query
- name: github.com/googleapis/gax-go
  version: 4f7da601ca02aa546c5ef911a0b6595fdadf4e18
- name: github.com/gorilla/context
  version: 08b5f424b9271eedf6f9f0ce86cb9396ed337a42
- name: github.com/gorilla/mux
  version: 757bef944d0f21880861c2dd9c871ca543023cba
- name: github.com/jessevdk/go-flags
  version: a44368c298f0906bc8509ee776b9d3eedb9b5741
- name: github.com/lestrrat/go-apache-logformat
  version: 0f5817c5c9e626d408c4d68e3d90fd7697e97d5f
- name: github.com/lestrrat/go-bindata
  version: b9f2acfb40bc204a6e6c1a94547e128554650f95
- name: github.com/lestrrat/go-bufferpool
  version: a1a4a9cf09b4f3e6d263ba25cf09de3276e1d589
- name: github.com/lestrrat/go-ical
  version: beafb9f1e8d7f2d7f1150bf702c066f53c157d6c
- name: github.com/lestrrat/go-jshschema
  version: 4514acd168a63041862eb3d223a09a789cae6b3b
- name: github.com/lestrrat/go-jspointer
  version: f4881e611bdbe9fb413a7780721ef8400a1f2341
- name: github.com/lestrrat/go-jsref
  version: e452c7b5801d1c6494c9e7e0cbc7498c0f88dfd1
  subpackages:
  - provider
- name: github.com/lestrrat/go-jsschema
  version: a6a42341b50d8d7e2a733db922eefaa756321021
- name: github.com/lestrrat/go-jsval
  version: cf70aae60f5b41a32922066c41287b0168e55904
- name: github.com/lestrrat/go-pdebug
  version: 2e6eaaa5717f81bda41d27070d3c966f40a1e75f
- name: github.com/lestrrat/go-simple-guard
  version: 8c74d84425fd27440cbc31bd91cf518cfb3cd4d3
- name: github.com/lestrrat/go-sqllib
  version: fdcdef92120d53b8f79aa2ec59d0b247f0c0660d
- name: github.com/lestrrat/go-structinfo
  version: f74c056fe41f860aa6264478c664a6fff8a64298
- name: github.com/lestrrat/go-tmplbox
  version: aefdceeeabb1263f4bc091a2c2dd6dae65498ff1
- name: github.com/lestrrat/go-tx-guard
  version: f922362dce0d717f2035e3c446974d6aa64f466b
- name: github.com/lestrrat/go-urlenc
  version: 5c3f94270d877132bee7c096683119f95537c7be
- name: github.com/mattn/anko
  version: a8c68fa2983e7dd5d3472992b1fbe2f7c44261f0
  subpackages:
  - ast
  - parser
  - vm
- name: github.com/pkg/errors
  version: 839d9e913e063e28dfd0e6c7b7512793e0a48be9
- name: github.com/shogo82148/go-sql-proxy
  version: 0ff9659b5642274097d62b43b2d754b001ed4f4d
- name: github.com/stretchr/testify
  version: 976c720a22c8eb4eb6a0b4348ad85ad12491a506
  subpackages:
  - assert
- name: golang.org/x/net
  version: c33d37840d93fc75251f49ab83c5fc8b2faea5e8
  subpackages:
  - context
  - context/ctxhttp
  - http2
  - http2/hpack
  - idna
  - internal/timeseries
  - lex/httplex
  - trace
- name: golang.org/x/oauth2
  version: 25b4fb1468cb89700c7c060cb99f30581a61f5e3
  subpackages:
  - google
  - internal
  - jws
  - jwt
- name: golang.org/x/sync
  version: 1ae7c7b29e06598039be46c5083819ba6fd7a97e
  subpackages:
  - errgroup
- name: golang.org/x/text
  version: a8b38433e35b65ba247bb267317037dee1b70cea
  subpackages:
  - internal/tag
  - language
- name: google.golang.org/api
  version: 037d03010933c9fa8e57559c1b7faeec971688d1
  subpackages:
  - gensupport
  - googleapi
  - googleapi/internal/uritemplates
  - internal
  - iterator
  - option
  - storage/v1
  - support/bundler
  - transport
  - urlshortener/v1
- name: google.golang.org/appengine
  version: 46239ca616842c00f41b8cbc6bbf2bd6ffbfcdad
  subpackages:
  - internal
  - internal/app_identity
  - internal/base
  - internal/datastore
  - internal/log
  - internal/modules
  - internal/remote_api
  - internal/socket
  - internal/urlfetch
  - socket
  - urlfetch
- name: google.golang.org/genproto
  version: 9359a8d303c45e3212571b77610f1cefb0c6f3eb
  subpackages:
  - googleapis/api/label
  - googleapis/api/metric
  - googleapis/api/monitoredres
  - googleapis/api/serviceconfig
  - googleapis/logging/type
  - googleapis/logging/v2
  - googleapis/rpc/status
  - protobuf
- name: google.golang.org/grpc
  version: 396f8ba2a6b9039070f4ff97561f5e408828fccd
  subpackages:
  - codes
  - credentials
  - credentials/oauth
  - grpclog
  - internal
  - metadata
  - naming
  - peer
  - transport
- name: gopkg.in/leonelquinteros/gotext.v1
  version: a735812a72672008b3902f8b2bc1302166a9a8ea
- name: gopkg.in/mailgun/mailgun-go.v1
  version: 369a1fa57ce6fb314e627087b9fff0db5c266c0f
testImports:
- name: github.com/pmezard/go-difflib
  version: 792786c7400a136282c1664665ae0a8db921c6c2
  subpackages:
  - difflib
